
Microsoft Visual Studio Solution File, Format Version 12.00
# Visual Studio Version 17
VisualStudioVersion = 17.3.32929.385
MinimumVisualStudioVersion = 10.0.40219.1
Project("{FAE04EC0-301F-11D3-BF4B-00C04F79EFBC}") = "Con-Finder", "Con-Finder\Con-Finder.csproj", "{47A9AC07-86C2-4FF6-B07B-989F44B38AB6}"
EndProject
Global
	GlobalSection(SolutionConfigurationPlatforms) = preSolution
		Debug|Any CPU = Debug|Any CPU
		Release|Any CPU = Release|Any CPU
	EndGlobalSection
	GlobalSection(ProjectConfigurationPlatforms) = postSolution
		{47A9AC07-86C2-4FF6-B07B-989F44B38AB6}.Debug|Any CPU.ActiveCfg = Debug|Any CPU
		{47A9AC07-86C2-4FF6-B07B-989F44B38AB6}.Debug|Any CPU.Build.0 = Debug|Any CPU
		{47A9AC07-86C2-4FF6-B07B-989F44B38AB6}.Release|Any CPU.ActiveCfg = Release|Any CPU
		{47A9AC07-86C2-4FF6-B07B-989F44B38AB6}.Release|Any CPU.Build.0 = Release|Any CPU
	EndGlobalSection
	GlobalSection(SolutionProperties) = preSolution
		HideSolutionNode = FALSE
	EndGlobalSection
	GlobalSection(ExtensibilityGlobals) = postSolution
		SolutionGuid = {2676558C-ACD9-4961-ADA4-D77CE40C4044}
	EndGlobalSection
EndGlobal
